
Microsoft Visual Studio Solution File, Format Version 12.00
# Visual Studio Version 16
VisualStudioVersion = 16.0.32106.194
MinimumVisualStudioVersion = 10.0.40219.1
Project("{FAE04EC0-301F-11D3-BF4B-00C04F79EFBC}") = "Skocko", "Skocko\Skocko.csproj", "{89C41AB5-B50C-4165-96C3-763138A13186}"
EndProject
Global
	GlobalSection(SolutionConfigurationPlatforms) = preSolution
		Debug|Any CPU = Debug|Any CPU
		Release|Any CPU = Release|Any CPU
	EndGlobalSection
	GlobalSection(ProjectConfigurationPlatforms) = postSolution
		{89C41AB5-B50C-4165-96C3-763138A13186}.Debug|Any CPU.ActiveCfg = Debug|Any CPU
		{89C41AB5-B50C-4165-96C3-763138A13186}.Debug|Any CPU.Build.0 = Debug|Any CPU
		{89C41AB5-B50C-4165-96C3-763138A13186}.Release|Any CPU.ActiveCfg = Release|Any CPU
		{89C41AB5-B50C-4165-96C3-763138A13186}.Release|Any CPU.Build.0 = Release|Any CPU
	EndGlobalSection
	GlobalSection(SolutionProperties) = preSolution
		HideSolutionNode = FALSE
	EndGlobalSection
	GlobalSection(ExtensibilityGlobals) = postSolution
		SolutionGuid = {BF77605E-F17E-4833-AE30-143806803322}
	EndGlobalSection
EndGlobal
